
Microsoft Visual Studio Solution File, Format Version 12.00
# Visual Studio Version 16
VisualStudioVersion = 16.0.30517.126
MinimumVisualStudioVersion = 10.0.40219.1
Project("{9A19103F-16F7-4668-BE54-9A1E7A4F7556}") = "Blazor.Templates.MajesticAdmin", "Blazor.Templates.MajesticAdmin\Blazor.Templates.MajesticAdmin.csproj", "{F5687868-95DB-450D-B26B-766702CDED0F}"
EndProject
Project("{9A19103F-16F7-4668-BE54-9A1E7A4F7556}") = "Blazor.Templates.MajesticAdmin.Sample", "Blazor.Templates.MajesticAdmin.Sample\Blazor.Templates.MajesticAdmin.Sample.csproj", "{1B86E9B4-DE26-4EC2-B342-335931A09E4D}"
EndProject
Global
	GlobalSection(SolutionConfigurationPlatforms) = preSolution
		Debug|Any CPU = Debug|Any CPU
		Release|Any CPU = Release|Any CPU
	EndGlobalSection
	GlobalSection(ProjectConfigurationPlatforms) = postSolution
		{F5687868-95DB-450D-B26B-766702CDED0F}.Debug|Any CPU.ActiveCfg = Debug|Any CPU
		{F5687868-95DB-450D-B26B-766702CDED0F}.Debug|Any CPU.Build.0 = Debug|Any CPU
		{F5687868-95DB-450D-B26B-766702CDED0F}.Release|Any CPU.ActiveCfg = Release|Any CPU
		{F5687868-95DB-450D-B26B-766702CDED0F}.Release|Any CPU.Build.0 = Release|Any CPU
		{1B86E9B4-DE26-4EC2-B342-335931A09E4D}.Debug|Any CPU.ActiveCfg = Debug|Any CPU
		{1B86E9B4-DE26-4EC2-B342-335931A09E4D}.Debug|Any CPU.Build.0 = Debug|Any CPU
		{1B86E9B4-DE26-4EC2-B342-335931A09E4D}.Release|Any CPU.ActiveCfg = Release|Any CPU
		{1B86E9B4-DE26-4EC2-B342-335931A09E4D}.Release|Any CPU.Build.0 = Release|Any CPU
	EndGlobalSection
	GlobalSection(SolutionProperties) = preSolution
		HideSolutionNode = FALSE
	EndGlobalSection
	GlobalSection(ExtensibilityGlobals) = postSolution
		SolutionGuid = {C1584B03-66CD-48FD-A9D8-0365AE3A4758}
	EndGlobalSection
EndGlobal
